// !$*UTF8*$!
{
	archiveVersion = 1;
	classes = {
	};
	objectVersion = 50;
	objects = {

/* Begin PBXBuildFile section */
		473BC103237EB5C400BC6796 /* CMPageTitleView_SwiftTests.swift in Sources */ = {isa = PBXBuildFile; fileRef = 473BC102237EB5C400BC6796 /* CMPageTitleView_SwiftTests.swift */; };
		473BC10E237EB5C400BC6796 /* CMPageTitleView_SwiftUITests.swift in Sources */ = {isa = PBXBuildFile; fileRef = 473BC10D237EB5C400BC6796 /* CMPageTitleView_SwiftUITests.swift */; };
		474D30C8238396430077656D /* Assets.xcassets in Resources */ = {isa = PBXBuildFile; fileRef = 474D30BF238396430077656D /* Assets.xcassets */; };
		474D30C9238396430077656D /* Preview Assets.xcassets in Resources */ = {isa = PBXBuildFile; fileRef = 474D30C1238396430077656D /* Preview Assets.xcassets */; };
		474D30CA238396430077656D /* LaunchScreen.storyboard in Resources */ = {isa = PBXBuildFile; fileRef = 474D30C2238396430077656D /* LaunchScreen.storyboard */; };
		474D30CB238396430077656D /* AppDelegate.swift in Sources */ = {isa = PBXBuildFile; fileRef = 474D30C4238396430077656D /* AppDelegate.swift */; };
		474D30CC238396430077656D /* ContentView.swift in Sources */ = {isa = PBXBuildFile; fileRef = 474D30C5238396430077656D /* ContentView.swift */; };
		474D30CD238396430077656D /* Info.plist in Resources */ = {isa = PBXBuildFile; fileRef = 474D30C6238396430077656D /* Info.plist */; };
		474D30CE238396430077656D /* SceneDelegate.swift in Sources */ = {isa = PBXBuildFile; fileRef = 474D30C7238396430077656D /* SceneDelegate.swift */; };
		474D30D2238396C10077656D /* Default-568h@2x.png in Resources */ = {isa = PBXBuildFile; fileRef = 474D30D1238396C10077656D /* Default-568h@2x.png */; };
		475B16112383BA5400F738EB /* UIView+CMCommon.m in Sources */ = {isa = PBXBuildFile; fileRef = 475B16062383BA5400F738EB /* UIView+CMCommon.m */; };
		475B16122383BA5400F738EB /* CMPageTitleContentView.m in Sources */ = {isa = PBXBuildFile; fileRef = 475B16082383BA5400F738EB /* CMPageTitleContentView.m */; };
		475B16132383BA5400F738EB /* CMPageTitleConfig.m in Sources */ = {isa = PBXBuildFile; fileRef = 475B16092383BA5400F738EB /* CMPageTitleConfig.m */; };
		475B16142383BA5400F738EB /* CMPageTitleView.m in Sources */ = {isa = PBXBuildFile; fileRef = 475B160A2383BA5400F738EB /* CMPageTitleView.m */; };
		475B16152383BA5400F738EB /* CMPageContentView.m in Sources */ = {isa = PBXBuildFile; fileRef = 475B160B2383BA5400F738EB /* CMPageContentView.m */; };
		475B16162383BA5400F738EB /* CMPageTitleView.swift in Sources */ = {isa = PBXBuildFile; fileRef = 475B160D2383BA5400F738EB /* CMPageTitleView.swift */; };
/* End PBXBuildFile section */

/* Begin PBXContainerItemProxy section */
		473BC0FF237EB5C400BC6796 /* PBXContainerItemProxy */ = {
			isa = PBXContainerItemProxy;
			containerPortal = 473BC0E0237EB5BD00BC6796 /* Project object */;
			proxyType = 1;
			remoteGlobalIDString = 473BC0E7237EB5BD00BC6796;
			remoteInfo = "CMPageTitleView-Swift";
		};
		473BC10A237EB5C400BC6796 /* PBXContainerItemProxy */ = {
			isa = PBXContainerItemProxy;
			containerPortal = 473BC0E0237EB5BD00BC6796 /* Project object */;
			proxyType = 1;
			remoteGlobalIDString = 473BC0E7237EB5BD00BC6796;
			remoteInfo = "CMPageTitleView-Swift";
		};
/* End PBXContainerItemProxy section */

/* Begin PBXFileReference section */
		473BC0E8237EB5BD00BC6796 /* CMPageTitleView-Swift.app */ = {isa = PBXFileReference; explicitFileType = wrapper.application; includeInIndex = 0; path = "CMPageTitleView-Swift.app"; sourceTree = BUILT_PRODUCTS_DIR; };
		473BC0FE237EB5C400BC6796 /* CMPageTitleView-SwiftTests.xctest */ = {isa = PBXFileReference; explicitFileType = wrapper.cfbundle; includeInIndex = 0; path = "CMPageTitleView-SwiftTests.xctest"; sourceTree = BUILT_PRODUCTS_DIR; };
		473BC102237EB5C400BC6796 /* CMPageTitleView_SwiftTests.swift */ = {isa = PBXFileReference; lastKnownFileType = sourcecode.swift; path = CMPageTitleView_SwiftTests.swift; sourceTree = "<group>"; };
		473BC104237EB5C400BC6796 /* Info.plist */ = {isa = PBXFileReference; lastKnownFileType = text.plist.xml; path = Info.plist; sourceTree = "<group>"; };
		473BC109237EB5C400BC6796 /* CMPageTitleView-SwiftUITests.xctest */ = {isa = PBXFileReference; explicitFileType = wrapper.cfbundle; includeInIndex = 0; path = "CMPageTitleView-SwiftUITests.xctest"; sourceTree = BUILT_PRODUCTS_DIR; };
		473BC10D237EB5C400BC6796 /* CMPageTitleView_SwiftUITests.swift */ = {isa = PBXFileReference; lastKnownFileType = sourcecode.swift; path = CMPageTitleView_SwiftUITests.swift; sourceTree = "<group>"; };
		473BC10F237EB5C400BC6796 /* Info.plist */ = {isa = PBXFileReference; lastKnownFileType = text.plist.xml; path = Info.plist; sourceTree = "<group>"; };
		474D30BF238396430077656D /* Assets.xcassets */ = {isa = PBXFileReference; lastKnownFileType = folder.assetcatalog; path = Assets.xcassets; sourceTree = "<group>"; };
		474D30C1238396430077656D /* Preview Assets.xcassets */ = {isa = PBXFileReference; lastKnownFileType = folder.assetcatalog; path = "Preview Assets.xcassets"; sourceTree = "<group>"; };
		474D30C3238396430077656D /* Base */ = {isa = PBXFileReference; lastKnownFileType = file.storyboard; name = Base; path = Base.lproj/LaunchScreen.storyboard; sourceTree = "<group>"; };
		474D30C4238396430077656D /* AppDelegate.swift */ = {isa = PBXFileReference; fileEncoding = 4; lastKnownFileType = sourcecode.swift; path = AppDelegate.swift; sourceTree = "<group>"; };
		474D30C5238396430077656D /* ContentView.swift */ = {isa = PBXFileReference; fileEncoding = 4; lastKnownFileType = sourcecode.swift; path = ContentView.swift; sourceTree = "<group>"; };
		474D30C6238396430077656D /* Info.plist */ = {isa = PBXFileReference; fileEncoding = 4; lastKnownFileType = text.plist.xml; path = Info.plist; sourceTree = "<group>"; };
		474D30C7238396430077656D /* SceneDelegate.swift */ = {isa = PBXFileReference; fileEncoding = 4; lastKnownFileType = sourcecode.swift; path = SceneDelegate.swift; sourceTree = "<group>"; };
		474D30D1238396C10077656D /* Default-568h@2x.png */ = {isa = PBXFileReference; lastKnownFileType = image.png; path = "Default-568h@2x.png"; sourceTree = "<group>"; };
		475B16042383BA5400F738EB /* CMPageTitleView.h */ = {isa = PBXFileReference; fileEncoding = 4; lastKnownFileType = sourcecode.c.h; path = CMPageTitleView.h; sourceTree = "<group>"; };
		475B16052383BA5400F738EB /* CMPageContentView.h */ = {isa = PBXFileReference; fileEncoding = 4; lastKnownFileType = sourcecode.c.h; path = CMPageContentView.h; sourceTree = "<group>"; };
		475B16062383BA5400F738EB /* UIView+CMCommon.m */ = {isa = PBXFileReference; fileEncoding = 4; lastKnownFileType = sourcecode.c.objc; path = "UIView+CMCommon.m"; sourceTree = "<group>"; };
		475B16072383BA5400F738EB /* CMPageTitleViewMacro.h */ = {isa = PBXFileReference; fileEncoding = 4; lastKnownFileType = sourcecode.c.h; path = CMPageTitleViewMacro.h; sourceTree = "<group>"; };
		475B16082383BA5400F738EB /* CMPageTitleContentView.m */ = {isa = PBXFileReference; fileEncoding = 4; lastKnownFileType = sourcecode.c.objc; path = CMPageTitleContentView.m; sourceTree = "<group>"; };
		475B16092383BA5400F738EB /* CMPageTitleConfig.m */ = {isa = PBXFileReference; fileEncoding = 4; lastKnownFileType = sourcecode.c.objc; path = CMPageTitleConfig.m; sourceTree = "<group>"; };
		475B160A2383BA5400F738EB /* CMPageTitleView.m */ = {isa = PBXFileReference; fileEncoding = 4; lastKnownFileType = sourcecode.c.objc; path = CMPageTitleView.m; sourceTree = "<group>"; };
		475B160B2383BA5400F738EB /* CMPageContentView.m */ = {isa = PBXFileReference; fileEncoding = 4; lastKnownFileType = sourcecode.c.objc; path = CMPageContentView.m; sourceTree = "<group>"; };
		475B160C2383BA5400F738EB /* CMPageTitleContentView.h */ = {isa = PBXFileReference; fileEncoding = 4; lastKnownFileType = sourcecode.c.h; path = CMPageTitleContentView.h; sourceTree = "<group>"; };
		475B160D2383BA5400F738EB /* CMPageTitleView.swift */ = {isa = PBXFileReference; fileEncoding = 4; lastKnownFileType = sourcecode.swift; path = CMPageTitleView.swift; sourceTree = "<group>"; };
		475B160E2383BA5400F738EB /* CMPageTitleView-Swift-Bridging-Header.h */ = {isa = PBXFileReference; fileEncoding = 4; lastKnownFileType = sourcecode.c.h; path = "CMPageTitleView-Swift-Bridging-Header.h"; sourceTree = "<group>"; };
		475B160F2383BA5400F738EB /* UIView+CMCommon.h */ = {isa = PBXFileReference; fileEncoding = 4; lastKnownFileType = sourcecode.c.h; path = "UIView+CMCommon.h"; sourceTree = "<group>"; };
		475B16102383BA5400F738EB /* CMPageTitleConfig.h */ = {isa = PBXFileReference; fileEncoding = 4; lastKnownFileType = sourcecode.c.h; path = CMPageTitleConfig.h; sourceTree = "<group>"; };
/* End PBXFileReference section */

/* Begin PBXFrameworksBuildPhase section */
		473BC0E5237EB5BD00BC6796 /* Frameworks */ = {
			isa = PBXFrameworksBuildPhase;
			buildActionMask = 2147483647;
			files = (
			);
			runOnlyForDeploymentPostprocessing = 0;
		};
		473BC0FB237EB5C400BC6796 /* Frameworks */ = {
			isa = PBXFrameworksBuildPhase;
			buildActionMask = 2147483647;
			files = (
			);
			runOnlyForDeploymentPostprocessing = 0;
		};
		473BC106237EB5C400BC6796 /* Frameworks */ = {
			isa = PBXFrameworksBuildPhase;
			buildActionMask = 2147483647;
			files = (
			);
			runOnlyForDeploymentPostprocessing = 0;
		};
/* End PBXFrameworksBuildPhase section */

/* Begin PBXGroup section */
		473BC0DF237EB5BD00BC6796 = {
			isa = PBXGroup;
			children = (
				474D30D1238396C10077656D /* Default-568h@2x.png */,
				473BC0EA237EB5BD00BC6796 /* CMPageTitleView-Swift */,
				473BC101237EB5C400BC6796 /* CMPageTitleView-SwiftTests */,
				473BC10C237EB5C400BC6796 /* CMPageTitleView-SwiftUITests */,
				473BC0E9237EB5BD00BC6796 /* Products */,
			);
			sourceTree = "<group>";
		};
		473BC0E9237EB5BD00BC6796 /* Products */ = {
			isa = PBXGroup;
			children = (
				473BC0E8237EB5BD00BC6796 /* CMPageTitleView-Swift.app */,
				473BC0FE237EB5C400BC6796 /* CMPageTitleView-SwiftTests.xctest */,
				473BC109237EB5C400BC6796 /* CMPageTitleView-SwiftUITests.xctest */,
			);
			name = Products;
			sourceTree = "<group>";
		};
		473BC0EA237EB5BD00BC6796 /* CMPageTitleView-Swift */ = {
			isa = PBXGroup;
			children = (
				475B16032383BA5400F738EB /* Class */,
				474D30BC238396430077656D /* Demo */,
				474D30BE238396430077656D /* Other */,
			);
			path = "CMPageTitleView-Swift";
			sourceTree = "<group>";
		};
		473BC101237EB5C400BC6796 /* CMPageTitleView-SwiftTests */ = {
			isa = PBXGroup;
			children = (
				473BC102237EB5C400BC6796 /* CMPageTitleView_SwiftTests.swift */,
				473BC104237EB5C400BC6796 /* Info.plist */,
			);
			path = "CMPageTitleView-SwiftTests";
			sourceTree = "<group>";
		};
		473BC10C237EB5C400BC6796 /* CMPageTitleView-SwiftUITests */ = {
			isa = PBXGroup;
			children = (
				473BC10D237EB5C400BC6796 /* CMPageTitleView_SwiftUITests.swift */,
				473BC10F237EB5C400BC6796 /* Info.plist */,
			);
			path = "CMPageTitleView-SwiftUITests";
			sourceTree = "<group>";
		};
		474D30BC238396430077656D /* Demo */ = {
			isa = PBXGroup;
			children = (
			);
			path = Demo;
			sourceTree = "<group>";
		};
		474D30BE238396430077656D /* Other */ = {
			isa = PBXGroup;
			children = (
				474D30BF238396430077656D /* Assets.xcassets */,
				474D30C0238396430077656D /* Preview Content */,
				474D30C2238396430077656D /* LaunchScreen.storyboard */,
				474D30C4238396430077656D /* AppDelegate.swift */,
				474D30C5238396430077656D /* ContentView.swift */,
				474D30C6238396430077656D /* Info.plist */,
				474D30C7238396430077656D /* SceneDelegate.swift */,
			);
			path = Other;
			sourceTree = "<group>";
		};
		474D30C0238396430077656D /* Preview Content */ = {
			isa = PBXGroup;
			children = (
				474D30C1238396430077656D /* Preview Assets.xcassets */,
			);
			path = "Preview Content";
			sourceTree = "<group>";
		};
		475B16032383BA5400F738EB /* Class */ = {
			isa = PBXGroup;
			children = (
				475B16042383BA5400F738EB /* CMPageTitleView.h */,
				475B16052383BA5400F738EB /* CMPageContentView.h */,
				475B16062383BA5400F738EB /* UIView+CMCommon.m */,
				475B16072383BA5400F738EB /* CMPageTitleViewMacro.h */,
				475B16082383BA5400F738EB /* CMPageTitleContentView.m */,
				475B16092383BA5400F738EB /* CMPageTitleConfig.m */,
				475B160A2383BA5400F738EB /* CMPageTitleView.m */,
				475B160B2383BA5400F738EB /* CMPageContentView.m */,
				475B160C2383BA5400F738EB /* CMPageTitleContentView.h */,
				475B160D2383BA5400F738EB /* CMPageTitleView.swift */,
				475B160E2383BA5400F738EB /* CMPageTitleView-Swift-Bridging-Header.h */,
				475B160F2383BA5400F738EB /* UIView+CMCommon.h */,
				475B16102383BA5400F738EB /* CMPageTitleConfig.h */,
			);
			name = Class;
			path = ../../CMPageTitleView/CMPageTitleView/Class;
			sourceTree = "<group>";
		};
/* End PBXGroup section */

/* Begin PBXNativeTarget section */
		473BC0E7237EB5BD00BC6796 /* CMPageTitleView-Swift */ = {
			isa = PBXNativeTarget;
			buildConfigurationList = 473BC112237EB5C400BC6796 /* Build configuration list for PBXNativeTarget "CMPageTitleView-Swift" */;
			buildPhases = (
				473BC0E4237EB5BD00BC6796 /* Sources */,
				473BC0E5237EB5BD00BC6796 /* Frameworks */,
				473BC0E6237EB5BD00BC6796 /* Resources */,
			);
			buildRules = (
			);
			dependencies = (
			);
			name = "CMPageTitleView-Swift";
			productName = "CMPageTitleView-Swift";
			productReference = 473BC0E8237EB5BD00BC6796 /* CMPageTitleView-Swift.app */;
			productType = "com.apple.product-type.application";
		};
		473BC0FD237EB5C400BC6796 /* CMPageTitleView-SwiftTests */ = {
			isa = PBXNativeTarget;
			buildConfigurationList = 473BC115237EB5C400BC6796 /* Build configuration list for PBXNativeTarget "CMPageTitleView-SwiftTests" */;
			buildPhases = (
				473BC0FA237EB5C400BC6796 /* Sources */,
				473BC0FB237EB5C400BC6796 /* Frameworks */,
				473BC0FC237EB5C400BC6796 /* Resources */,
			);
			buildRules = (
			);
			dependencies = (
				473BC100237EB5C400BC6796 /* PBXTargetDependency */,
			);
			name = "CMPageTitleView-SwiftTests";
			productName = "CMPageTitleView-SwiftTests";
			productReference = 473BC0FE237EB5C400BC6796 /* CMPageTitleView-SwiftTests.xctest */;
			productType = "com.apple.product-type.bundle.unit-test";
		};
		473BC108237EB5C400BC6796 /* CMPageTitleView-SwiftUITests */ = {
			isa = PBXNativeTarget;
			buildConfigurationList = 473BC118237EB5C400BC6796 /* Build configuration list for PBXNativeTarget "CMPageTitleView-SwiftUITests" */;
			buildPhases = (
				473BC105237EB5C400BC6796 /* Sources */,
				473BC106237EB5C400BC6796 /* Frameworks */,
				473BC107237EB5C400BC6796 /* Resources */,
			);
			buildRules = (
			);
			dependencies = (
				473BC10B237EB5C400BC6796 /* PBXTargetDependency */,
			);
			name = "CMPageTitleView-SwiftUITests";
			productName = "CMPageTitleView-SwiftUITests";
			productReference = 473BC109237EB5C400BC6796 /* CMPageTitleView-SwiftUITests.xctest */;
			productType = "com.apple.product-type.bundle.ui-testing";
		};
/* End PBXNativeTarget section */

/* Begin PBXProject section */
		473BC0E0237EB5BD00BC6796 /* Project object */ = {
			isa = PBXProject;
			attributes = {
				LastSwiftUpdateCheck = 1110;
				LastUpgradeCheck = 1110;
				ORGANIZATIONNAME = "郭强";
				TargetAttributes = {
					473BC0E7237EB5BD00BC6796 = {
						CreatedOnToolsVersion = 11.1;
					};
					473BC0FD237EB5C400BC6796 = {
						CreatedOnToolsVersion = 11.1;
						TestTargetID = 473BC0E7237EB5BD00BC6796;
					};
					473BC108237EB5C400BC6796 = {
						CreatedOnToolsVersion = 11.1;
						TestTargetID = 473BC0E7237EB5BD00BC6796;
					};
				};
			};
			buildConfigurationList = 473BC0E3237EB5BD00BC6796 /* Build configuration list for PBXProject "CMPageTitleView-Swift" */;
			compatibilityVersion = "Xcode 9.3";
			developmentRegion = en;
			hasScannedForEncodings = 0;
			knownRegions = (
				en,
				Base,
			);
			mainGroup = 473BC0DF237EB5BD00BC6796;
			productRefGroup = 473BC0E9237EB5BD00BC6796 /* Products */;
			projectDirPath = "";
			projectRoot = "";
			targets = (
				473BC0E7237EB5BD00BC6796 /* CMPageTitleView-Swift */,
				473BC0FD237EB5C400BC6796 /* CMPageTitleView-SwiftTests */,
				473BC108237EB5C400BC6796 /* CMPageTitleView-SwiftUITests */,
			);
		};
/* End PBXProject section */

/* Begin PBXResourcesBuildPhase section */
		473BC0E6237EB5BD00BC6796 /* Resources */ = {
			isa = PBXResourcesBuildPhase;
			buildActionMask = 2147483647;
			files = (
				474D30CD238396430077656D /* Info.plist in Resources */,
				474D30CA238396430077656D /* LaunchScreen.storyboard in Resources */,
				474D30C9238396430077656D /* Preview Assets.xcassets in Resources */,
				474D30D2238396C10077656D /* Default-568h@2x.png in Resources */,
				474D30C8238396430077656D /* Assets.xcassets in Resources */,
			);
			runOnlyForDeploymentPostprocessing = 0;
		};
		473BC0FC237EB5C400BC6796 /* Resources */ = {
			isa = PBXResourcesBuildPhase;
			buildActionMask = 2147483647;
			files = (
			);
			runOnlyForDeploymentPostprocessing = 0;
		};
		473BC107237EB5C400BC6796 /* Resources */ = {
			isa = PBXResourcesBuildPhase;
			buildActionMask = 2147483647;
			files = (
			);
			runOnlyForDeploymentPostprocessing = 0;
		};
/* End PBXResourcesBuildPhase section */

/* Begin PBXSourcesBuildPhase section */
		473BC0E4237EB5BD00BC6796 /* Sources */ = {
			isa = PBXSourcesBuildPhase;
			buildActionMask = 2147483647;
			files = (
				474D30CC238396430077656D /* ContentView.swift in Sources */,
				475B16152383BA5400F738EB /* CMPageContentView.m in Sources */,
				475B16112383BA5400F738EB /* UIView+CMCommon.m in Sources */,
				474D30CB238396430077656D /* AppDelegate.swift in Sources */,
				475B16132383BA5400F738EB /* CMPageTitleConfig.m in Sources */,
				475B16122383BA5400F738EB /* CMPageTitleContentView.m in Sources */,
				475B16142383BA5400F738EB /* CMPageTitleView.m in Sources */,
				475B16162383BA5400F738EB /* CMPageTitleView.swift in Sources */,
				474D30CE238396430077656D /* SceneDelegate.swift in Sources */,
			);
			runOnlyForDeploymentPostprocessing = 0;
		};
		473BC0FA237EB5C400BC6796 /* Sources */ = {
			isa = PBXSourcesBuildPhase;
			buildActionMask = 2147483647;
			files = (
				473BC103237EB5C400BC6796 /* CMPageTitleView_SwiftTests.swift in Sources */,
			);
			runOnlyForDeploymentPostprocessing = 0;
		};
		473BC105237EB5C400BC6796 /* Sources */ = {
			isa = PBXSourcesBuildPhase;
			buildActionMask = 2147483647;
			files = (
				473BC10E237EB5C400BC6796 /* CMPageTitleView_SwiftUITests.swift in Sources */,
			);
			runOnlyForDeploymentPostprocessing = 0;
		};
/* End PBXSourcesBuildPhase section */

/* Begin PBXTargetDependency section */
		473BC100237EB5C400BC6796 /* PBXTargetDependency */ = {
			isa = PBXTargetDependency;
			target = 473BC0E7237EB5BD00BC6796 /* CMPageTitleView-Swift */;
			targetProxy = 473BC0FF237EB5C400BC6796 /* PBXContainerItemProxy */;
		};
		473BC10B237EB5C400BC6796 /* PBXTargetDependency */ = {
			isa = PBXTargetDependency;
			target = 473BC0E7237EB5BD00BC6796 /* CMPageTitleView-Swift */;
			targetProxy = 473BC10A237EB5C400BC6796 /* PBXContainerItemProxy */;
		};
/* End PBXTargetDependency section */

/* Begin PBXVariantGroup section */
		474D30C2238396430077656D /* LaunchScreen.storyboard */ = {
			isa = PBXVariantGroup;
			children = (
				474D30C3238396430077656D /* Base */,
			);
			name = LaunchScreen.storyboard;
			sourceTree = "<group>";
		};
/* End PBXVariantGroup section */

/* Begin XCBuildConfiguration section */
		473BC110237EB5C400BC6796 /* Debug */ = {
			isa = XCBuildConfiguration;
			buildSettings = {
				ALWAYS_SEARCH_USER_PATHS = NO;
				CLANG_ANALYZER_NONNULL = YES;
				CLANG_ANALYZER_NUMBER_OBJECT_CONVERSION = YES_AGGRESSIVE;
				CLANG_CXX_LANGUAGE_STANDARD = "gnu++14";
				CLANG_CXX_LIBRARY = "libc++";
				CLANG_ENABLE_MODULES = YES;
				CLANG_ENABLE_OBJC_ARC = YES;
				CLANG_ENABLE_OBJC_WEAK = YES;
				CLANG_WARN_BLOCK_CAPTURE_AUTORELEASING = YES;
				CLANG_WARN_BOOL_CONVERSION = YES;
				CLANG_WARN_COMMA = YES;
				CLANG_WARN_CONSTANT_CONVERSION = YES;
				CLANG_WARN_DEPRECATED_OBJC_IMPLEMENTATIONS = YES;
				CLANG_WARN_DIRECT_OBJC_ISA_USAGE = YES_ERROR;
				CLANG_WARN_DOCUMENTATION_COMMENTS = YES;
				CLANG_WARN_EMPTY_BODY = YES;
				CLANG_WARN_ENUM_CONVERSION = YES;
				CLANG_WARN_INFINITE_RECURSION = YES;
				CLANG_WARN_INT_CONVERSION = YES;
				CLANG_WARN_NON_LITERAL_NULL_CONVERSION = YES;
				CLANG_WARN_OBJC_IMPLICIT_RETAIN_SELF = YES;
				CLANG_WARN_OBJC_LITERAL_CONVERSION = YES;
				CLANG_WARN_OBJC_ROOT_CLASS = YES_ERROR;
				CLANG_WARN_RANGE_LOOP_ANALYSIS = YES;
				CLANG_WARN_STRICT_PROTOTYPES = YES;
				CLANG_WARN_SUSPICIOUS_MOVE = YES;
				CLANG_WARN_UNGUARDED_AVAILABILITY = YES_AGGRESSIVE;
				CLANG_WARN_UNREACHABLE_CODE = YES;
				CLANG_WARN__DUPLICATE_METHOD_MATCH = YES;
				COPY_PHASE_STRIP = NO;
				DEBUG_INFORMATION_FORMAT = dwarf;
				ENABLE_STRICT_OBJC_MSGSEND = YES;
				ENABLE_TESTABILITY = YES;
				GCC_C_LANGUAGE_STANDARD = gnu11;
				GCC_DYNAMIC_NO_PIC = NO;
				GCC_NO_COMMON_BLOCKS = YES;
				GCC_OPTIMIZATION_LEVEL = 0;
				GCC_PREPROCESSOR_DEFINITIONS = (
					"DEBUG=1",
					"$(inherited)",
				);
				GCC_WARN_64_TO_32_BIT_CONVERSION = YES;
				GCC_WARN_ABOUT_RETURN_TYPE = YES_ERROR;
				GCC_WARN_UNDECLARED_SELECTOR = YES;
				GCC_WARN_UNINITIALIZED_AUTOS = YES_AGGRESSIVE;
				GCC_WARN_UNUSED_FUNCTION = YES;
				GCC_WARN_UNUSED_VARIABLE = YES;
				INFOPLIST_FILE = "";
				IPHONEOS_DEPLOYMENT_TARGET = 13.1;
				MTL_ENABLE_DEBUG_INFO = INCLUDE_SOURCE;
				MTL_FAST_MATH = YES;
				ONLY_ACTIVE_ARCH = YES;
				SDKROOT = iphoneos;
				SWIFT_ACTIVE_COMPILATION_CONDITIONS = DEBUG;
				SWIFT_OPTIMIZATION_LEVEL = "-Onone";
			};
			name = Debug;
		};
		473BC111237EB5C400BC6796 /* Release */ = {
			isa = XCBuildConfiguration;
			buildSettings = {
				ALWAYS_SEARCH_USER_PATHS = NO;
				CLANG_ANALYZER_NONNULL = YES;
				CLANG_ANALYZER_NUMBER_OBJECT_CONVERSION = YES_AGGRESSIVE;
				CLANG_CXX_LANGUAGE_STANDARD = "gnu++14";
				CLANG_CXX_LIBRARY = "libc++";
				CLANG_ENABLE_MODULES = YES;
				CLANG_ENABLE_OBJC_ARC = YES;
				CLANG_ENABLE_OBJC_WEAK = YES;
				CLANG_WARN_BLOCK_CAPTURE_AUTORELEASING = YES;
				CLANG_WARN_BOOL_CONVERSION = YES;
				CLANG_WARN_COMMA = YES;
				CLANG_WARN_CONSTANT_CONVERSION = YES;
				CLANG_WARN_DEPRECATED_OBJC_IMPLEMENTATIONS = YES;
				CLANG_WARN_DIRECT_OBJC_ISA_USAGE = YES_ERROR;
				CLANG_WARN_DOCUMENTATION_COMMENTS = YES;
				CLANG_WARN_EMPTY_BODY = YES;
				CLANG_WARN_ENUM_CONVERSION = YES;
				CLANG_WARN_INFINITE_RECURSION = YES;
				CLANG_WARN_INT_CONVERSION = YES;
				CLANG_WARN_NON_LITERAL_NULL_CONVERSION = YES;
				CLANG_WARN_OBJC_IMPLICIT_RETAIN_SELF = YES;
				CLANG_WARN_OBJC_LITERAL_CONVERSION = YES;
				CLANG_WARN_OBJC_ROOT_CLASS = YES_ERROR;
				CLANG_WARN_RANGE_LOOP_ANALYSIS = YES;
				CLANG_WARN_STRICT_PROTOTYPES = YES;
				CLANG_WARN_SUSPICIOUS_MOVE = YES;
				CLANG_WARN_UNGUARDED_AVAILABILITY = YES_AGGRESSIVE;
				CLANG_WARN_UNREACHABLE_CODE = YES;
				CLANG_WARN__DUPLICATE_METHOD_MATCH = YES;
				COPY_PHASE_STRIP = NO;
				DEBUG_INFORMATION_FORMAT = "dwarf-with-dsym";
				ENABLE_NS_ASSERTIONS = NO;
				ENABLE_STRICT_OBJC_MSGSEND = YES;
				GCC_C_LANGUAGE_STANDARD = gnu11;
				GCC_NO_COMMON_BLOCKS = YES;
				GCC_WARN_64_TO_32_BIT_CONVERSION = YES;
				GCC_WARN_ABOUT_RETURN_TYPE = YES_ERROR;
				GCC_WARN_UNDECLARED_SELECTOR = YES;
				GCC_WARN_UNINITIALIZED_AUTOS = YES_AGGRESSIVE;
				GCC_WARN_UNUSED_FUNCTION = YES;
				GCC_WARN_UNUSED_VARIABLE = YES;
				INFOPLIST_FILE = "";
				IPHONEOS_DEPLOYMENT_TARGET = 13.1;
				MTL_ENABLE_DEBUG_INFO = NO;
				MTL_FAST_MATH = YES;
				SDKROOT = iphoneos;
				SWIFT_COMPILATION_MODE = wholemodule;
				SWIFT_OPTIMIZATION_LEVEL = "-O";
				VALIDATE_PRODUCT = YES;
			};
			name = Release;
		};
		473BC113237EB5C400BC6796 /* Debug */ = {
			isa = XCBuildConfiguration;
			buildSettings = {
				ASSETCATALOG_COMPILER_APPICON_NAME = AppIcon;
				CODE_SIGN_STYLE = Automatic;
				DEVELOPMENT_ASSET_PATHS = "\"CMPageTitleView-Swift/Other/Preview Content\"";
				DEVELOPMENT_TEAM = 2NRHBB3CT7;
				ENABLE_PREVIEWS = YES;
				INFOPLIST_FILE = "";
				IPHONEOS_DEPLOYMENT_TARGET = 13.1;
				LD_RUNPATH_SEARCH_PATHS = (
					"$(inherited)",
					"@executable_path/Frameworks",
				);
				PRODUCT_BUNDLE_IDENTIFIER = "crabman.CMPageTitleView-Swift";
				PRODUCT_NAME = "$(TARGET_NAME)";
				SWIFT_OBJC_BRIDGING_HEADER = "$PROJECT_NAME/Class/CMPageTitleView-Swift-Bridging-Header.h";
				SWIFT_VERSION = 5.0;
				TARGETED_DEVICE_FAMILY = "1,2";
			};
			name = Debug;
		};
		473BC114237EB5C400BC6796 /* Release */ = {
			isa = XCBuildConfiguration;
			buildSettings = {
				ASSETCATALOG_COMPILER_APPICON_NAME = AppIcon;
				CODE_SIGN_STYLE = Automatic;
				DEVELOPMENT_ASSET_PATHS = "\"CMPageTitleView-Swift/Other/Preview Content\"";
				DEVELOPMENT_TEAM = 2NRHBB3CT7;
				ENABLE_PREVIEWS = YES;
				INFOPLIST_FILE = "";
				IPHONEOS_DEPLOYMENT_TARGET = 13.1;
				LD_RUNPATH_SEARCH_PATHS = (
					"$(inherited)",
					"@executable_path/Frameworks",
				);
				PRODUCT_BUNDLE_IDENTIFIER = "crabman.CMPageTitleView-Swift";
				PRODUCT_NAME = "$(TARGET_NAME)";
				SWIFT_OBJC_BRIDGING_HEADER = "$PROJECT_NAME/Class/CMPageTitleView-Swift-Bridging-Header.h";
				SWIFT_VERSION = 5.0;
				TARGETED_DEVICE_FAMILY = "1,2";
			};
			name = Release;
		};
		473BC116237EB5C400BC6796 /* Debug */ = {
			isa = XCBuildConfiguration;
			buildSettings = {
				ALWAYS_EMBED_SWIFT_STANDARD_LIBRARIES = YES;
				BUNDLE_LOADER = "$(TEST_HOST)";
				CODE_SIGN_STYLE = Automatic;
				INFOPLIST_FILE = "CMPageTitleView-SwiftTests/Info.plist";
				IPHONEOS_DEPLOYMENT_TARGET = 13.1;
				LD_RUNPATH_SEARCH_PATHS = (
					"$(inherited)",
					"@executable_path/Frameworks",
					"@loader_path/Frameworks",
				);
				PRODUCT_BUNDLE_IDENTIFIER = "crabman.CMPageTitleView-SwiftTests";
				PRODUCT_NAME = "$(TARGET_NAME)";
				SWIFT_VERSION = 5.0;
				TARGETED_DEVICE_FAMILY = "1,2";
				TEST_HOST = "$(BUILT_PRODUCTS_DIR)/CMPageTitleView-Swift.app/CMPageTitleView-Swift";
			};
			name = Debug;
		};
		473BC117237EB5C400BC6796 /* Release */ = {
			isa = XCBuildConfiguration;
			buildSettings = {
				ALWAYS_EMBED_SWIFT_STANDARD_LIBRARIES = YES;
				BUNDLE_LOADER = "$(TEST_HOST)";
				CODE_SIGN_STYLE = Automatic;
				INFOPLIST_FILE = "CMPageTitleView-SwiftTests/Info.plist";
				IPHONEOS_DEPLOYMENT_TARGET = 13.1;
				LD_RUNPATH_SEARCH_PATHS = (
					"$(inherited)",
					"@executable_path/Frameworks",
					"@loader_path/Frameworks",
				);
				PRODUCT_BUNDLE_IDENTIFIER = "crabman.CMPageTitleView-SwiftTests";
				PRODUCT_NAME = "$(TARGET_NAME)";
				SWIFT_VERSION = 5.0;
				TARGETED_DEVICE_FAMILY = "1,2";
				TEST_HOST = "$(BUILT_PRODUCTS_DIR)/CMPageTitleView-Swift.app/CMPageTitleView-Swift";
			};
			name = Release;
		};
		473BC119237EB5C400BC6796 /* Debug */ = {
			isa = XCBuildConfiguration;
			buildSettings = {
				ALWAYS_EMBED_SWIFT_STANDARD_LIBRARIES = YES;
				CODE_SIGN_STYLE = Automatic;
				INFOPLIST_FILE = "CMPageTitleView-SwiftUITests/Info.plist";
				LD_RUNPATH_SEARCH_PATHS = (
					"$(inherited)",
					"@executable_path/Frameworks",
					"@loader_path/Frameworks",
				);
				PRODUCT_BUNDLE_IDENTIFIER = "crabman.CMPageTitleView-SwiftUITests";
				PRODUCT_NAME = "$(TARGET_NAME)";
				SWIFT_VERSION = 5.0;
				TARGETED_DEVICE_FAMILY = "1,2";
				TEST_TARGET_NAME = "CMPageTitleView-Swift";
			};
			name = Debug;
		};
		473BC11A237EB5C400BC6796 /* Release */ = {
			isa = XCBuildConfiguration;
			buildSettings = {
				ALWAYS_EMBED_SWIFT_STANDARD_LIBRARIES = YES;
				CODE_SIGN_STYLE = Automatic;
				INFOPLIST_FILE = "CMPageTitleView-SwiftUITests/Info.plist";
				LD_RUNPATH_SEARCH_PATHS = (
					"$(inherited)",
					"@executable_path/Frameworks",
					"@loader_path/Frameworks",
				);
				PRODUCT_BUNDLE_IDENTIFIER = "crabman.CMPageTitleView-SwiftUITests";
				PRODUCT_NAME = "$(TARGET_NAME)";
				SWIFT_VERSION = 5.0;
				TARGETED_DEVICE_FAMILY = "1,2";
				TEST_TARGET_NAME = "CMPageTitleView-Swift";
			};
			name = Release;
		};
/* End XCBuildConfiguration section */

/* Begin XCConfigurationList section */
		473BC0E3237EB5BD00BC6796 /* Build configuration list for PBXProject "CMPageTitleView-Swift" */ = {
			isa = XCConfigurationList;
			buildConfigurations = (
				473BC110237EB5C400BC6796 /* Debug */,
				473BC111237EB5C400BC6796 /* Release */,
			);
			defaultConfigurationIsVisible = 0;
			defaultConfigurationName = Release;
		};
		473BC112237EB5C400BC6796 /* Build configuration list for PBXNativeTarget "CMPageTitleView-Swift" */ = {
			isa = XCConfigurationList;
			buildConfigurations = (
				473BC113237EB5C400BC6796 /* Debug */,
				473BC114237EB5C400BC6796 /* Release */,
			);
			defaultConfigurationIsVisible = 0;
			defaultConfigurationName = Release;
		};
		473BC115237EB5C400BC6796 /* Build configuration list for PBXNativeTarget "CMPageTitleView-SwiftTests" */ = {
			isa = XCConfigurationList;
			buildConfigurations = (
				473BC116237EB5C400BC6796 /* Debug */,
				473BC117237EB5C400BC6796 /* Release */,
			);
			defaultConfigurationIsVisible = 0;
			defaultConfigurationName = Release;
		};
		473BC118237EB5C400BC6796 /* Build configuration list for PBXNativeTarget "CMPageTitleView-SwiftUITests" */ = {
			isa = XCConfigurationList;
			buildConfigurations = (
				473BC119237EB5C400BC6796 /* Debug */,
				473BC11A237EB5C400BC6796 /* Release */,
			);
			defaultConfigurationIsVisible = 0;
			defaultConfigurationName = Release;
		};
/* End XCConfigurationList section */
	};
	rootObject = 473BC0E0237EB5BD00BC6796 /* Project object */;
}
